
Microsoft Visual Studio Solution File, Format Version 12.00
Project("{FAE04EC0-301F-11D3-BF4B-00C04F79EFBC}") = "Resend", "Resend\Resend.csproj", "{95E8F5FC-F131-4D22-AB62-6C5933DAAC61}"
EndProject
Project("{FAE04EC0-301F-11D3-BF4B-00C04F79EFBC}") = "Resend.Tests", "Resend.Tests\Resend.Tests.csproj", "{8230AE8F-B7A9-4097-BAD5-161A4BBD2EF3}"
EndProject
Global
	GlobalSection(SolutionConfigurationPlatforms) = preSolution
		Debug|Any CPU = Debug|Any CPU
		Release|Any CPU = Release|Any CPU
	EndGlobalSection
	GlobalSection(ProjectConfigurationPlatforms) = postSolution
		{95E8F5FC-F131-4D22-AB62-6C5933DAAC61}.Debug|Any CPU.ActiveCfg = Debug|Any CPU
		{95E8F5FC-F131-4D22-AB62-6C5933DAAC61}.Debug|Any CPU.Build.0 = Debug|Any CPU
		{95E8F5FC-F131-4D22-AB62-6C5933DAAC61}.Release|Any CPU.ActiveCfg = Release|Any CPU
		{95E8F5FC-F131-4D22-AB62-6C5933DAAC61}.Release|Any CPU.Build.0 = Release|Any CPU
		{8230AE8F-B7A9-4097-BAD5-161A4BBD2EF3}.Debug|Any CPU.ActiveCfg = Debug|Any CPU
		{8230AE8F-B7A9-4097-BAD5-161A4BBD2EF3}.Debug|Any CPU.Build.0 = Debug|Any CPU
		{8230AE8F-B7A9-4097-BAD5-161A4BBD2EF3}.Release|Any CPU.ActiveCfg = Release|Any CPU
		{8230AE8F-B7A9-4097-BAD5-161A4BBD2EF3}.Release|Any CPU.Build.0 = Release|Any CPU
	EndGlobalSection
EndGlobal
